
Microsoft Visual Studio Solution File, Format Version 12.00
# Visual Studio Version 16
VisualStudioVersion = 16.0.28407.52
MinimumVisualStudioVersion = 10.0.40219.1
Project("{9A19103F-16F7-4668-BE54-9A1E7A4F7556}") = "NetCoreKit.Utils", "src\NetCoreKit.Utils\NetCoreKit.Utils.csproj", "{B9235669-6FFC-4266-B103-851B07EC6E8E}"
EndProject
Project("{9A19103F-16F7-4668-BE54-9A1E7A4F7556}") = "NetCoreKit.Domain", "src\NetCoreKit.Domain\NetCoreKit.Domain.csproj", "{CAF26917-0B10-4FB9-BD59-F792D21C2BD8}"
EndProject
Project("{9A19103F-16F7-4668-BE54-9A1E7A4F7556}") = "NetCoreKit.Infrastructure.AspNetCore", "src\NetCoreKit.Infrastructure.AspNetCore\NetCoreKit.Infrastructure.AspNetCore.csproj", "{29F1B230-7A1A-43DB-9294-D3A664220D8C}"
EndProject
Project("{9A19103F-16F7-4668-BE54-9A1E7A4F7556}") = "NetCoreKit.Infrastructure.AspNetCore.CleanArch", "src\NetCoreKit.Infrastructure.AspNetCore.CleanArch\NetCoreKit.Infrastructure.AspNetCore.CleanArch.csproj", "{F57C8FE9-DC9C-4858-8EA7-6AEF523557A4}"
EndProject
Project("{9A19103F-16F7-4668-BE54-9A1E7A4F7556}") = "NetCoreKit.Infrastructure.AspNetCore.OpenApi", "src\NetCoreKit.Infrastructure.AspNetCore.OpenApi\NetCoreKit.Infrastructure.AspNetCore.OpenApi.csproj", "{86E10CC4-BAA0-459F-B0C9-3C6CE466DD9B}"
EndProject
Project("{9A19103F-16F7-4668-BE54-9A1E7A4F7556}") = "NetCoreKit.Infrastructure.EfCore", "src\NetCoreKit.Infrastructure.EfCore\NetCoreKit.Infrastructure.EfCore.csproj", "{FA666FF1-5453-481D-BBDD-842F151F9E75}"
EndProject
Project("{9A19103F-16F7-4668-BE54-9A1E7A4F7556}") = "NetCoreKit.Infrastructure.EfCore.SqlServer", "src\NetCoreKit.Infrastructure.EfCore.SqlServer\NetCoreKit.Infrastructure.EfCore.SqlServer.csproj", "{D6B29A97-1417-48A6-B141-74D57E5C8C16}"
EndProject
Project("{2150E333-8FDC-42A3-9474-1A3956D46DE8}") = "src", "src", "{6CF50533-EBD6-47B1-9AD9-9EBBFF3AC887}"
EndProject
Project("{2150E333-8FDC-42A3-9474-1A3956D46DE8}") = "samples", "samples", "{92D6FD73-B95C-4CBB-A48E-047672EB4E77}"
	ProjectSection(SolutionItems) = preProject
		samples\readme.md = samples\readme.md
	EndProjectSection
EndProject
Project("{2150E333-8FDC-42A3-9474-1A3956D46DE8}") = "tests", "tests", "{1317E2B0-8834-4770-9759-9CD0D9E84D28}"
EndProject
Project("{2150E333-8FDC-42A3-9474-1A3956D46DE8}") = "Solution Items", "Solution Items", "{A1CCC105-67B3-45AE-9A74-DD6716521708}"
	ProjectSection(SolutionItems) = preProject
		.dockerignore = .dockerignore
		.editorconfig = .editorconfig
		.gitignore = .gitignore
		appveyor.yml = appveyor.yml
		build.cake = build.cake
		build.ps1 = build.ps1
		global.json = global.json
		LICENSE = LICENSE
		README.md = README.md
	EndProjectSection
EndProject
Project("{2150E333-8FDC-42A3-9474-1A3956D46DE8}") = "__", "__", "{EE8515E4-F600-4699-A652-FE8E241B9A83}"
EndProject
Project("{9A19103F-16F7-4668-BE54-9A1E7A4F7556}") = "NetCoreKit.Infrastructure", "src\NetCoreKit.Infrastructure\NetCoreKit.Infrastructure.csproj", "{EE16B7AA-67D5-463E-A24F-6221DBD80A5F}"
EndProject
Project("{9A19103F-16F7-4668-BE54-9A1E7A4F7556}") = "NetCoreKit.Infrastructure.EfCore.MySql", "src\NetCoreKit.Infrastructure.EfCore.MySql\NetCoreKit.Infrastructure.EfCore.MySql.csproj", "{CBEEBE6A-BBC3-420A-A491-48EDEEF058FE}"
EndProject
Project("{9A19103F-16F7-4668-BE54-9A1E7A4F7556}") = "NetCoreKit.Infrastructure.Bus.Kafka", "src\NetCoreKit.Infrastructure.Bus.Kafka\NetCoreKit.Infrastructure.Bus.Kafka.csproj", "{BEA4FAB4-1A38-4720-8CCB-D7074CF7596D}"
EndProject
Project("{9A19103F-16F7-4668-BE54-9A1E7A4F7556}") = "NetCoreKit.Infrastructure.Bus", "src\NetCoreKit.Infrastructure.Bus\NetCoreKit.Infrastructure.Bus.csproj", "{4C788CCD-4695-4A1E-8F8D-AD1C864C7AFA}"
EndProject
Project("{9A19103F-16F7-4668-BE54-9A1E7A4F7556}") = "NetCoreKit.Samples.Notifier", "samples\Notifier\NetCoreKit.Samples.Notifier.csproj", "{7AE8F281-2C86-4CF5-80CF-FCCE940E5DC3}"
EndProject
Project("{9A19103F-16F7-4668-BE54-9A1E7A4F7556}") = "NetCoreKit.Samples.SignalRNotifier", "samples\SignalRNotifier\NetCoreKit.Samples.SignalRNotifier.csproj", "{9894E768-600D-452E-9F9E-6612D7AA6421}"
EndProject
Project("{9A19103F-16F7-4668-BE54-9A1E7A4F7556}") = "NetCoreKit.Samples.WebNotifier", "samples\WebNotifier\NetCoreKit.Samples.WebNotifier.csproj", "{02E8D785-5013-47B2-BFC6-371874C8BA64}"
EndProject
Project("{9A19103F-16F7-4668-BE54-9A1E7A4F7556}") = "NetCoreKit.Infrastructure.Bus.Redis", "src\NetCoreKit.Infrastructure.Bus.Redis\NetCoreKit.Infrastructure.Bus.Redis.csproj", "{94E34AF7-42CA-4BBC-B444-FC17915B4D55}"
EndProject
Project("{2150E333-8FDC-42A3-9474-1A3956D46DE8}") = "_protos", "_protos", "{B955EE6A-DBD9-474A-AE34-E1960E887F0F}"
EndProject
Project("{9A19103F-16F7-4668-BE54-9A1E7A4F7556}") = "NetCoreKit.Infrastructure.Mongo", "src\NetCoreKit.Infrastructure.Mongo\NetCoreKit.Infrastructure.Mongo.csproj", "{BAAB999F-EF03-4575-8FD4-9989A544319E}"
EndProject
Project("{9A19103F-16F7-4668-BE54-9A1E7A4F7556}") = "NetCoreKit.Samples.BiMonetaryApi", "samples\BiMonetaryApi\NetCoreKit.Samples.BiMonetaryApi.csproj", "{1BE9EF11-ED30-4DC7-A12E-2D915E8DA85E}"
EndProject
Project("{9A19103F-16F7-4668-BE54-9A1E7A4F7556}") = "NetCoreKit.Samples.TodoApi", "samples\TodoApi\NetCoreKit.Samples.TodoApi.csproj", "{BF6A7924-82C2-4471-AB03-99DD1259D454}"
EndProject
Project("{2150E333-8FDC-42A3-9474-1A3956D46DE8}") = "templates", "templates", "{4A2D1031-E1FD-43BB-B8D3-F570F4020A29}"
EndProject
Project("{9A19103F-16F7-4668-BE54-9A1E7A4F7556}") = "NetCoreKit.Infrastructure.AspNetCore.All", "src\NetCoreKit.Infrastructure.AspNetCore.All\NetCoreKit.Infrastructure.AspNetCore.All.csproj", "{B19A199A-B86D-46D7-9020-0846C3BD7733}"
EndProject
Project("{9A19103F-16F7-4668-BE54-9A1E7A4F7556}") = "NetCoreKit.Samples.ExchangeService", "samples\ExchangeService\NetCoreKit.Samples.ExchangeService.csproj", "{8BDABAA0-9B93-4EEE-8AE1-A0B313448048}"
EndProject
Project("{2150E333-8FDC-42A3-9474-1A3956D46DE8}") = "v1", "v1", "{8085E7E4-6084-49E2-85F8-C28C6E6B0008}"
	ProjectSection(SolutionItems) = preProject
		samples\_protos\v1\bimonetary.proto = samples\_protos\v1\bimonetary.proto
		samples\_protos\v1\project.proto = samples\_protos\v1\project.proto
	EndProjectSection
EndProject
Project("{9A19103F-16F7-4668-BE54-9A1E7A4F7556}") = "NetCoreKit.Infrastructure.GrpcHost", "src\NetCoreKit.Infrastructure.GrpcHost\NetCoreKit.Infrastructure.GrpcHost.csproj", "{F9B6A420-2C6D-4439-ADAE-E048F1B880E7}"
EndProject
Project("{9A19103F-16F7-4668-BE54-9A1E7A4F7556}") = "NetCoreKit.GrpcTemplate.EfCore", "templates\NetCoreKit.GrpcTemplate.EfCore\NetCoreKit.GrpcTemplate.EfCore.csproj", "{07ADA153-5434-489A-A861-96B4886B2BB2}"
EndProject
Project("{9A19103F-16F7-4668-BE54-9A1E7A4F7556}") = "NetCoreKit.GrpcTemplate.MongoDb", "templates\NetCoreKit.GrpcTemplate.MongoDb\NetCoreKit.GrpcTemplate.MongoDb.csproj", "{998D164F-1576-4A7A-975B-1C2E37C050B0}"
EndProject
Project("{9A19103F-16F7-4668-BE54-9A1E7A4F7556}") = "NetCoreKit.GrpcTemplate.Standard", "templates\NetCoreKit.GrpcTemplate.Standard\NetCoreKit.GrpcTemplate.Standard.csproj", "{CA2D3042-D9E7-43F1-B6B4-3A1E87A01EF3}"
EndProject
Project("{9A19103F-16F7-4668-BE54-9A1E7A4F7556}") = "NetCoreKit.RestTemplate.EfCore", "templates\NetCoreKit.RestTemplate.EfCore\NetCoreKit.RestTemplate.EfCore.csproj", "{907308F6-D213-4FC8-B761-98976954B285}"
EndProject
Project("{9A19103F-16F7-4668-BE54-9A1E7A4F7556}") = "NetCoreKit.RestTemplate.MongoDb", "templates\NetCoreKit.RestTemplate.MongoDb\NetCoreKit.RestTemplate.MongoDb.csproj", "{4BC63394-EFEF-499E-9D43-39AA96244502}"
EndProject
Project("{9A19103F-16F7-4668-BE54-9A1E7A4F7556}") = "NetCoreKit.RestTemplate.Standard", "templates\NetCoreKit.RestTemplate.Standard\NetCoreKit.RestTemplate.Standard.csproj", "{D175B413-2373-46C9-86EB-65329AFF2B98}"
EndProject
Project("{FAE04EC0-301F-11D3-BF4B-00C04F79EFBC}") = "NetCoreKit.Infrastructure.EfCore.Tests", "src\NetCoreKit.Infrastructure.EfCore.Tests\NetCoreKit.Infrastructure.EfCore.Tests.csproj", "{B4C4A9F0-00F0-45D8-8A82-60870EBD17A3}"
EndProject
Global
	GlobalSection(SolutionConfigurationPlatforms) = preSolution
		Debug|Any CPU = Debug|Any CPU
		Debug|x86 = Debug|x86
		Release|Any CPU = Release|Any CPU
		Release|x86 = Release|x86
	EndGlobalSection
	GlobalSection(ProjectConfigurationPlatforms) = postSolution
		{B9235669-6FFC-4266-B103-851B07EC6E8E}.Debug|Any CPU.ActiveCfg = Debug|Any CPU
		{B9235669-6FFC-4266-B103-851B07EC6E8E}.Debug|Any CPU.Build.0 = Debug|Any CPU
		{B9235669-6FFC-4266-B103-851B07EC6E8E}.Debug|x86.ActiveCfg = Debug|Any CPU
		{B9235669-6FFC-4266-B103-851B07EC6E8E}.Debug|x86.Build.0 = Debug|Any CPU
		{B9235669-6FFC-4266-B103-851B07EC6E8E}.Release|Any CPU.ActiveCfg = Release|Any CPU
		{B9235669-6FFC-4266-B103-851B07EC6E8E}.Release|Any CPU.Build.0 = Release|Any CPU
		{B9235669-6FFC-4266-B103-851B07EC6E8E}.Release|x86.ActiveCfg = Release|Any CPU
		{B9235669-6FFC-4266-B103-851B07EC6E8E}.Release|x86.Build.0 = Release|Any CPU
		{CAF26917-0B10-4FB9-BD59-F792D21C2BD8}.Debug|Any CPU.ActiveCfg = Debug|Any CPU
		{CAF26917-0B10-4FB9-BD59-F792D21C2BD8}.Debug|Any CPU.Build.0 = Debug|Any CPU
		{CAF26917-0B10-4FB9-BD59-F792D21C2BD8}.Debug|x86.ActiveCfg = Debug|Any CPU
		{CAF26917-0B10-4FB9-BD59-F792D21C2BD8}.Debug|x86.Build.0 = Debug|Any CPU
		{CAF26917-0B10-4FB9-BD59-F792D21C2BD8}.Release|Any CPU.ActiveCfg = Release|Any CPU
		{CAF26917-0B10-4FB9-BD59-F792D21C2BD8}.Release|Any CPU.Build.0 = Release|Any CPU
		{CAF26917-0B10-4FB9-BD59-F792D21C2BD8}.Release|x86.ActiveCfg = Release|Any CPU
		{CAF26917-0B10-4FB9-BD59-F792D21C2BD8}.Release|x86.Build.0 = Release|Any CPU
		{29F1B230-7A1A-43DB-9294-D3A664220D8C}.Debug|Any CPU.ActiveCfg = Debug|Any CPU
		{29F1B230-7A1A-43DB-9294-D3A664220D8C}.Debug|Any CPU.Build.0 = Debug|Any CPU
		{29F1B230-7A1A-43DB-9294-D3A664220D8C}.Debug|x86.ActiveCfg = Debug|Any CPU
		{29F1B230-7A1A-43DB-9294-D3A664220D8C}.Debug|x86.Build.0 = Debug|Any CPU
		{29F1B230-7A1A-43DB-9294-D3A664220D8C}.Release|Any CPU.ActiveCfg = Release|Any CPU
		{29F1B230-7A1A-43DB-9294-D3A664220D8C}.Release|Any CPU.Build.0 = Release|Any CPU
		{29F1B230-7A1A-43DB-9294-D3A664220D8C}.Release|x86.ActiveCfg = Release|Any CPU
		{29F1B230-7A1A-43DB-9294-D3A664220D8C}.Release|x86.Build.0 = Release|Any CPU
		{F57C8FE9-DC9C-4858-8EA7-6AEF523557A4}.Debug|Any CPU.ActiveCfg = Debug|Any CPU
		{F57C8FE9-DC9C-4858-8EA7-6AEF523557A4}.Debug|Any CPU.Build.0 = Debug|Any CPU
		{F57C8FE9-DC9C-4858-8EA7-6AEF523557A4}.Debug|x86.ActiveCfg = Debug|Any CPU
		{F57C8FE9-DC9C-4858-8EA7-6AEF523557A4}.Debug|x86.Build.0 = Debug|Any CPU
		{F57C8FE9-DC9C-4858-8EA7-6AEF523557A4}.Release|Any CPU.ActiveCfg = Release|Any CPU
		{F57C8FE9-DC9C-4858-8EA7-6AEF523557A4}.Release|Any CPU.Build.0 = Release|Any CPU
		{F57C8FE9-DC9C-4858-8EA7-6AEF523557A4}.Release|x86.ActiveCfg = Release|Any CPU
		{F57C8FE9-DC9C-4858-8EA7-6AEF523557A4}.Release|x86.Build.0 = Release|Any CPU
		{86E10CC4-BAA0-459F-B0C9-3C6CE466DD9B}.Debug|Any CPU.ActiveCfg = Debug|Any CPU
		{86E10CC4-BAA0-459F-B0C9-3C6CE466DD9B}.Debug|Any CPU.Build.0 = Debug|Any CPU
		{86E10CC4-BAA0-459F-B0C9-3C6CE466DD9B}.Debug|x86.ActiveCfg = Debug|Any CPU
		{86E10CC4-BAA0-459F-B0C9-3C6CE466DD9B}.Debug|x86.Build.0 = Debug|Any CPU
		{86E10CC4-BAA0-459F-B0C9-3C6CE466DD9B}.Release|Any CPU.ActiveCfg = Release|Any CPU
		{86E10CC4-BAA0-459F-B0C9-3C6CE466DD9B}.Release|Any CPU.Build.0 = Release|Any CPU
		{86E10CC4-BAA0-459F-B0C9-3C6CE466DD9B}.Release|x86.ActiveCfg = Release|Any CPU
		{86E10CC4-BAA0-459F-B0C9-3C6CE466DD9B}.Release|x86.Build.0 = Release|Any CPU
		{FA666FF1-5453-481D-BBDD-842F151F9E75}.Debug|Any CPU.ActiveCfg = Debug|Any CPU
		{FA666FF1-5453-481D-BBDD-842F151F9E75}.Debug|Any CPU.Build.0 = Debug|Any CPU
		{FA666FF1-5453-481D-BBDD-842F151F9E75}.Debug|x86.ActiveCfg = Debug|Any CPU
		{FA666FF1-5453-481D-BBDD-842F151F9E75}.Debug|x86.Build.0 = Debug|Any CPU
		{FA666FF1-5453-481D-BBDD-842F151F9E75}.Release|Any CPU.ActiveCfg = Release|Any CPU
		{FA666FF1-5453-481D-BBDD-842F151F9E75}.Release|Any CPU.Build.0 = Release|Any CPU
		{FA666FF1-5453-481D-BBDD-842F151F9E75}.Release|x86.ActiveCfg = Release|Any CPU
		{FA666FF1-5453-481D-BBDD-842F151F9E75}.Release|x86.Build.0 = Release|Any CPU
		{D6B29A97-1417-48A6-B141-74D57E5C8C16}.Debug|Any CPU.ActiveCfg = Debug|Any CPU
		{D6B29A97-1417-48A6-B141-74D57E5C8C16}.Debug|Any CPU.Build.0 = Debug|Any CPU
		{D6B29A97-1417-48A6-B141-74D57E5C8C16}.Debug|x86.ActiveCfg = Debug|Any CPU
		{D6B29A97-1417-48A6-B141-74D57E5C8C16}.Debug|x86.Build.0 = Debug|Any CPU
		{D6B29A97-1417-48A6-B141-74D57E5C8C16}.Release|Any CPU.ActiveCfg = Release|Any CPU
		{D6B29A97-1417-48A6-B141-74D57E5C8C16}.Release|Any CPU.Build.0 = Release|Any CPU
		{D6B29A97-1417-48A6-B141-74D57E5C8C16}.Release|x86.ActiveCfg = Release|Any CPU
		{D6B29A97-1417-48A6-B141-74D57E5C8C16}.Release|x86.Build.0 = Release|Any CPU
		{EE16B7AA-67D5-463E-A24F-6221DBD80A5F}.Debug|Any CPU.ActiveCfg = Debug|Any CPU
		{EE16B7AA-67D5-463E-A24F-6221DBD80A5F}.Debug|Any CPU.Build.0 = Debug|Any CPU
		{EE16B7AA-67D5-463E-A24F-6221DBD80A5F}.Debug|x86.ActiveCfg = Debug|Any CPU
		{EE16B7AA-67D5-463E-A24F-6221DBD80A5F}.Debug|x86.Build.0 = Debug|Any CPU
		{EE16B7AA-67D5-463E-A24F-6221DBD80A5F}.Release|Any CPU.ActiveCfg = Release|Any CPU
		{EE16B7AA-67D5-463E-A24F-6221DBD80A5F}.Release|Any CPU.Build.0 = Release|Any CPU
		{EE16B7AA-67D5-463E-A24F-6221DBD80A5F}.Release|x86.ActiveCfg = Release|Any CPU
		{EE16B7AA-67D5-463E-A24F-6221DBD80A5F}.Release|x86.Build.0 = Release|Any CPU
		{CBEEBE6A-BBC3-420A-A491-48EDEEF058FE}.Debug|Any CPU.ActiveCfg = Debug|Any CPU
		{CBEEBE6A-BBC3-420A-A491-48EDEEF058FE}.Debug|Any CPU.Build.0 = Debug|Any CPU
		{CBEEBE6A-BBC3-420A-A491-48EDEEF058FE}.Debug|x86.ActiveCfg = Debug|Any CPU
		{CBEEBE6A-BBC3-420A-A491-48EDEEF058FE}.Debug|x86.Build.0 = Debug|Any CPU
		{CBEEBE6A-BBC3-420A-A491-48EDEEF058FE}.Release|Any CPU.ActiveCfg = Release|Any CPU
		{CBEEBE6A-BBC3-420A-A491-48EDEEF058FE}.Release|Any CPU.Build.0 = Release|Any CPU
		{CBEEBE6A-BBC3-420A-A491-48EDEEF058FE}.Release|x86.ActiveCfg = Release|Any CPU
		{CBEEBE6A-BBC3-420A-A491-48EDEEF058FE}.Release|x86.Build.0 = Release|Any CPU
		{BEA4FAB4-1A38-4720-8CCB-D7074CF7596D}.Debug|Any CPU.ActiveCfg = Debug|Any CPU
		{BEA4FAB4-1A38-4720-8CCB-D7074CF7596D}.Debug|Any CPU.Build.0 = Debug|Any CPU
		{BEA4FAB4-1A38-4720-8CCB-D7074CF7596D}.Debug|x86.ActiveCfg = Debug|Any CPU
		{BEA4FAB4-1A38-4720-8CCB-D7074CF7596D}.Debug|x86.Build.0 = Debug|Any CPU
		{BEA4FAB4-1A38-4720-8CCB-D7074CF7596D}.Release|Any CPU.ActiveCfg = Release|Any CPU
		{BEA4FAB4-1A38-4720-8CCB-D7074CF7596D}.Release|Any CPU.Build.0 = Release|Any CPU
		{BEA4FAB4-1A38-4720-8CCB-D7074CF7596D}.Release|x86.ActiveCfg = Release|Any CPU
		{BEA4FAB4-1A38-4720-8CCB-D7074CF7596D}.Release|x86.Build.0 = Release|Any CPU
		{4C788CCD-4695-4A1E-8F8D-AD1C864C7AFA}.Debug|Any CPU.ActiveCfg = Debug|Any CPU
		{4C788CCD-4695-4A1E-8F8D-AD1C864C7AFA}.Debug|Any CPU.Build.0 = Debug|Any CPU
		{4C788CCD-4695-4A1E-8F8D-AD1C864C7AFA}.Debug|x86.ActiveCfg = Debug|Any CPU
		{4C788CCD-4695-4A1E-8F8D-AD1C864C7AFA}.Debug|x86.Build.0 = Debug|Any CPU
		{4C788CCD-4695-4A1E-8F8D-AD1C864C7AFA}.Release|Any CPU.ActiveCfg = Release|Any CPU
		{4C788CCD-4695-4A1E-8F8D-AD1C864C7AFA}.Release|Any CPU.Build.0 = Release|Any CPU
		{4C788CCD-4695-4A1E-8F8D-AD1C864C7AFA}.Release|x86.ActiveCfg = Release|Any CPU
		{4C788CCD-4695-4A1E-8F8D-AD1C864C7AFA}.Release|x86.Build.0 = Release|Any CPU
		{7AE8F281-2C86-4CF5-80CF-FCCE940E5DC3}.Debug|Any CPU.ActiveCfg = Debug|Any CPU
		{7AE8F281-2C86-4CF5-80CF-FCCE940E5DC3}.Debug|Any CPU.Build.0 = Debug|Any CPU
		{7AE8F281-2C86-4CF5-80CF-FCCE940E5DC3}.Debug|x86.ActiveCfg = Debug|Any CPU
		{7AE8F281-2C86-4CF5-80CF-FCCE940E5DC3}.Debug|x86.Build.0 = Debug|Any CPU
		{7AE8F281-2C86-4CF5-80CF-FCCE940E5DC3}.Release|Any CPU.ActiveCfg = Release|Any CPU
		{7AE8F281-2C86-4CF5-80CF-FCCE940E5DC3}.Release|Any CPU.Build.0 = Release|Any CPU
		{7AE8F281-2C86-4CF5-80CF-FCCE940E5DC3}.Release|x86.ActiveCfg = Release|Any CPU
		{7AE8F281-2C86-4CF5-80CF-FCCE940E5DC3}.Release|x86.Build.0 = Release|Any CPU
		{9894E768-600D-452E-9F9E-6612D7AA6421}.Debug|Any CPU.ActiveCfg = Debug|Any CPU
		{9894E768-600D-452E-9F9E-6612D7AA6421}.Debug|Any CPU.Build.0 = Debug|Any CPU
		{9894E768-600D-452E-9F9E-6612D7AA6421}.Debug|x86.ActiveCfg = Debug|Any CPU
		{9894E768-600D-452E-9F9E-6612D7AA6421}.Debug|x86.Build.0 = Debug|Any CPU
		{9894E768-600D-452E-9F9E-6612D7AA6421}.Release|Any CPU.ActiveCfg = Release|Any CPU
		{9894E768-600D-452E-9F9E-6612D7AA6421}.Release|Any CPU.Build.0 = Release|Any CPU
		{9894E768-600D-452E-9F9E-6612D7AA6421}.Release|x86.ActiveCfg = Release|Any CPU
		{9894E768-600D-452E-9F9E-6612D7AA6421}.Release|x86.Build.0 = Release|Any CPU
		{02E8D785-5013-47B2-BFC6-371874C8BA64}.Debug|Any CPU.ActiveCfg = Debug|Any CPU
		{02E8D785-5013-47B2-BFC6-371874C8BA64}.Debug|Any CPU.Build.0 = Debug|Any CPU
		{02E8D785-5013-47B2-BFC6-371874C8BA64}.Debug|x86.ActiveCfg = Debug|Any CPU
		{02E8D785-5013-47B2-BFC6-371874C8BA64}.Debug|x86.Build.0 = Debug|Any CPU
		{02E8D785-5013-47B2-BFC6-371874C8BA64}.Release|Any CPU.ActiveCfg = Release|Any CPU
		{02E8D785-5013-47B2-BFC6-371874C8BA64}.Release|Any CPU.Build.0 = Release|Any CPU
		{02E8D785-5013-47B2-BFC6-371874C8BA64}.Release|x86.ActiveCfg = Release|Any CPU
		{02E8D785-5013-47B2-BFC6-371874C8BA64}.Release|x86.Build.0 = Release|Any CPU
		{94E34AF7-42CA-4BBC-B444-FC17915B4D55}.Debug|Any CPU.ActiveCfg = Debug|Any CPU
		{94E34AF7-42CA-4BBC-B444-FC17915B4D55}.Debug|Any CPU.Build.0 = Debug|Any CPU
		{94E34AF7-42CA-4BBC-B444-FC17915B4D55}.Debug|x86.ActiveCfg = Debug|Any CPU
		{94E34AF7-42CA-4BBC-B444-FC17915B4D55}.Debug|x86.Build.0 = Debug|Any CPU
		{94E34AF7-42CA-4BBC-B444-FC17915B4D55}.Release|Any CPU.ActiveCfg = Release|Any CPU
		{94E34AF7-42CA-4BBC-B444-FC17915B4D55}.Release|Any CPU.Build.0 = Release|Any CPU
		{94E34AF7-42CA-4BBC-B444-FC17915B4D55}.Release|x86.ActiveCfg = Release|Any CPU
		{94E34AF7-42CA-4BBC-B444-FC17915B4D55}.Release|x86.Build.0 = Release|Any CPU
		{BAAB999F-EF03-4575-8FD4-9989A544319E}.Debug|Any CPU.ActiveCfg = Debug|Any CPU
		{BAAB999F-EF03-4575-8FD4-9989A544319E}.Debug|Any CPU.Build.0 = Debug|Any CPU
		{BAAB999F-EF03-4575-8FD4-9989A544319E}.Debug|x86.ActiveCfg = Debug|Any CPU
		{BAAB999F-EF03-4575-8FD4-9989A544319E}.Debug|x86.Build.0 = Debug|Any CPU
		{BAAB999F-EF03-4575-8FD4-9989A544319E}.Release|Any CPU.ActiveCfg = Release|Any CPU
		{BAAB999F-EF03-4575-8FD4-9989A544319E}.Release|Any CPU.Build.0 = Release|Any CPU
		{BAAB999F-EF03-4575-8FD4-9989A544319E}.Release|x86.ActiveCfg = Release|Any CPU
		{BAAB999F-EF03-4575-8FD4-9989A544319E}.Release|x86.Build.0 = Release|Any CPU
		{1BE9EF11-ED30-4DC7-A12E-2D915E8DA85E}.Debug|Any CPU.ActiveCfg = Debug|Any CPU
		{1BE9EF11-ED30-4DC7-A12E-2D915E8DA85E}.Debug|Any CPU.Build.0 = Debug|Any CPU
		{1BE9EF11-ED30-4DC7-A12E-2D915E8DA85E}.Debug|x86.ActiveCfg = Debug|Any CPU
		{1BE9EF11-ED30-4DC7-A12E-2D915E8DA85E}.Debug|x86.Build.0 = Debug|Any CPU
		{1BE9EF11-ED30-4DC7-A12E-2D915E8DA85E}.Release|Any CPU.ActiveCfg = Release|Any CPU
		{1BE9EF11-ED30-4DC7-A12E-2D915E8DA85E}.Release|Any CPU.Build.0 = Release|Any CPU
		{1BE9EF11-ED30-4DC7-A12E-2D915E8DA85E}.Release|x86.ActiveCfg = Release|Any CPU
		{1BE9EF11-ED30-4DC7-A12E-2D915E8DA85E}.Release|x86.Build.0 = Release|Any CPU
		{BF6A7924-82C2-4471-AB03-99DD1259D454}.Debug|Any CPU.ActiveCfg = Debug|Any CPU
		{BF6A7924-82C2-4471-AB03-99DD1259D454}.Debug|Any CPU.Build.0 = Debug|Any CPU
		{BF6A7924-82C2-4471-AB03-99DD1259D454}.Debug|x86.ActiveCfg = Debug|Any CPU
		{BF6A7924-82C2-4471-AB03-99DD1259D454}.Debug|x86.Build.0 = Debug|Any CPU
		{BF6A7924-82C2-4471-AB03-99DD1259D454}.Release|Any CPU.ActiveCfg = Release|Any CPU
		{BF6A7924-82C2-4471-AB03-99DD1259D454}.Release|Any CPU.Build.0 = Release|Any CPU
		{BF6A7924-82C2-4471-AB03-99DD1259D454}.Release|x86.ActiveCfg = Release|Any CPU
		{BF6A7924-82C2-4471-AB03-99DD1259D454}.Release|x86.Build.0 = Release|Any CPU
		{B19A199A-B86D-46D7-9020-0846C3BD7733}.Debug|Any CPU.ActiveCfg = Debug|Any CPU
		{B19A199A-B86D-46D7-9020-0846C3BD7733}.Debug|Any CPU.Build.0 = Debug|Any CPU
		{B19A199A-B86D-46D7-9020-0846C3BD7733}.Debug|x86.ActiveCfg = Debug|Any CPU
		{B19A199A-B86D-46D7-9020-0846C3BD7733}.Debug|x86.Build.0 = Debug|Any CPU
		{B19A199A-B86D-46D7-9020-0846C3BD7733}.Release|Any CPU.ActiveCfg = Release|Any CPU
		{B19A199A-B86D-46D7-9020-0846C3BD7733}.Release|Any CPU.Build.0 = Release|Any CPU
		{B19A199A-B86D-46D7-9020-0846C3BD7733}.Release|x86.ActiveCfg = Release|Any CPU
		{B19A199A-B86D-46D7-9020-0846C3BD7733}.Release|x86.Build.0 = Release|Any CPU
		{8BDABAA0-9B93-4EEE-8AE1-A0B313448048}.Debug|Any CPU.ActiveCfg = Debug|Any CPU
		{8BDABAA0-9B93-4EEE-8AE1-A0B313448048}.Debug|Any CPU.Build.0 = Debug|Any CPU
		{8BDABAA0-9B93-4EEE-8AE1-A0B313448048}.Debug|x86.ActiveCfg = Debug|Any CPU
		{8BDABAA0-9B93-4EEE-8AE1-A0B313448048}.Debug|x86.Build.0 = Debug|Any CPU
		{8BDABAA0-9B93-4EEE-8AE1-A0B313448048}.Release|Any CPU.ActiveCfg = Release|Any CPU
		{8BDABAA0-9B93-4EEE-8AE1-A0B313448048}.Release|Any CPU.Build.0 = Release|Any CPU
		{8BDABAA0-9B93-4EEE-8AE1-A0B313448048}.Release|x86.ActiveCfg = Release|Any CPU
		{8BDABAA0-9B93-4EEE-8AE1-A0B313448048}.Release|x86.Build.0 = Release|Any CPU
		{F9B6A420-2C6D-4439-ADAE-E048F1B880E7}.Debug|Any CPU.ActiveCfg = Debug|Any CPU
		{F9B6A420-2C6D-4439-ADAE-E048F1B880E7}.Debug|Any CPU.Build.0 = Debug|Any CPU
		{F9B6A420-2C6D-4439-ADAE-E048F1B880E7}.Debug|x86.ActiveCfg = Debug|Any CPU
		{F9B6A420-2C6D-4439-ADAE-E048F1B880E7}.Debug|x86.Build.0 = Debug|Any CPU
		{F9B6A420-2C6D-4439-ADAE-E048F1B880E7}.Release|Any CPU.ActiveCfg = Release|Any CPU
		{F9B6A420-2C6D-4439-ADAE-E048F1B880E7}.Release|Any CPU.Build.0 = Release|Any CPU
		{F9B6A420-2C6D-4439-ADAE-E048F1B880E7}.Release|x86.ActiveCfg = Release|Any CPU
		{F9B6A420-2C6D-4439-ADAE-E048F1B880E7}.Release|x86.Build.0 = Release|Any CPU
		{07ADA153-5434-489A-A861-96B4886B2BB2}.Debug|Any CPU.ActiveCfg = Debug|Any CPU
		{07ADA153-5434-489A-A861-96B4886B2BB2}.Debug|Any CPU.Build.0 = Debug|Any CPU
		{07ADA153-5434-489A-A861-96B4886B2BB2}.Debug|x86.ActiveCfg = Debug|Any CPU
		{07ADA153-5434-489A-A861-96B4886B2BB2}.Debug|x86.Build.0 = Debug|Any CPU
		{07ADA153-5434-489A-A861-96B4886B2BB2}.Release|Any CPU.ActiveCfg = Release|Any CPU
		{07ADA153-5434-489A-A861-96B4886B2BB2}.Release|Any CPU.Build.0 = Release|Any CPU
		{07ADA153-5434-489A-A861-96B4886B2BB2}.Release|x86.ActiveCfg = Release|Any CPU
		{07ADA153-5434-489A-A861-96B4886B2BB2}.Release|x86.Build.0 = Release|Any CPU
		{998D164F-1576-4A7A-975B-1C2E37C050B0}.Debug|Any CPU.ActiveCfg = Debug|Any CPU
		{998D164F-1576-4A7A-975B-1C2E37C050B0}.Debug|Any CPU.Build.0 = Debug|Any CPU
		{998D164F-1576-4A7A-975B-1C2E37C050B0}.Debug|x86.ActiveCfg = Debug|Any CPU
		{998D164F-1576-4A7A-975B-1C2E37C050B0}.Debug|x86.Build.0 = Debug|Any CPU
		{998D164F-1576-4A7A-975B-1C2E37C050B0}.Release|Any CPU.ActiveCfg = Release|Any CPU
		{998D164F-1576-4A7A-975B-1C2E37C050B0}.Release|Any CPU.Build.0 = Release|Any CPU
		{998D164F-1576-4A7A-975B-1C2E37C050B0}.Release|x86.ActiveCfg = Release|Any CPU
		{998D164F-1576-4A7A-975B-1C2E37C050B0}.Release|x86.Build.0 = Release|Any CPU
		{CA2D3042-D9E7-43F1-B6B4-3A1E87A01EF3}.Debug|Any CPU.ActiveCfg = Debug|Any CPU
		{CA2D3042-D9E7-43F1-B6B4-3A1E87A01EF3}.Debug|Any CPU.Build.0 = Debug|Any CPU
		{CA2D3042-D9E7-43F1-B6B4-3A1E87A01EF3}.Debug|x86.ActiveCfg = Debug|Any CPU
		{CA2D3042-D9E7-43F1-B6B4-3A1E87A01EF3}.Debug|x86.Build.0 = Debug|Any CPU
		{CA2D3042-D9E7-43F1-B6B4-3A1E87A01EF3}.Release|Any CPU.ActiveCfg = Release|Any CPU
		{CA2D3042-D9E7-43F1-B6B4-3A1E87A01EF3}.Release|Any CPU.Build.0 = Release|Any CPU
		{CA2D3042-D9E7-43F1-B6B4-3A1E87A01EF3}.Release|x86.ActiveCfg = Release|Any CPU
		{CA2D3042-D9E7-43F1-B6B4-3A1E87A01EF3}.Release|x86.Build.0 = Release|Any CPU
		{907308F6-D213-4FC8-B761-98976954B285}.Debug|Any CPU.ActiveCfg = Debug|Any CPU
		{907308F6-D213-4FC8-B761-98976954B285}.Debug|Any CPU.Build.0 = Debug|Any CPU
		{907308F6-D213-4FC8-B761-98976954B285}.Debug|x86.ActiveCfg = Debug|Any CPU
		{907308F6-D213-4FC8-B761-98976954B285}.Debug|x86.Build.0 = Debug|Any CPU
		{907308F6-D213-4FC8-B761-98976954B285}.Release|Any CPU.ActiveCfg = Release|Any CPU
		{907308F6-D213-4FC8-B761-98976954B285}.Release|Any CPU.Build.0 = Release|Any CPU
		{907308F6-D213-4FC8-B761-98976954B285}.Release|x86.ActiveCfg = Release|Any CPU
		{907308F6-D213-4FC8-B761-98976954B285}.Release|x86.Build.0 = Release|Any CPU
		{4BC63394-EFEF-499E-9D43-39AA96244502}.Debug|Any CPU.ActiveCfg = Debug|Any CPU
		{4BC63394-EFEF-499E-9D43-39AA96244502}.Debug|Any CPU.Build.0 = Debug|Any CPU
		{4BC63394-EFEF-499E-9D43-39AA96244502}.Debug|x86.ActiveCfg = Debug|Any CPU
		{4BC63394-EFEF-499E-9D43-39AA96244502}.Debug|x86.Build.0 = Debug|Any CPU
		{4BC63394-EFEF-499E-9D43-39AA96244502}.Release|Any CPU.ActiveCfg = Release|Any CPU
		{4BC63394-EFEF-499E-9D43-39AA96244502}.Release|Any CPU.Build.0 = Release|Any CPU
		{4BC63394-EFEF-499E-9D43-39AA96244502}.Release|x86.ActiveCfg = Release|Any CPU
		{4BC63394-EFEF-499E-9D43-39AA96244502}.Release|x86.Build.0 = Release|Any CPU
		{D175B413-2373-46C9-86EB-65329AFF2B98}.Debug|Any CPU.ActiveCfg = Debug|Any CPU
		{D175B413-2373-46C9-86EB-65329AFF2B98}.Debug|Any CPU.Build.0 = Debug|Any CPU
		{D175B413-2373-46C9-86EB-65329AFF2B98}.Debug|x86.ActiveCfg = Debug|Any CPU
		{D175B413-2373-46C9-86EB-65329AFF2B98}.Debug|x86.Build.0 = Debug|Any CPU
		{D175B413-2373-46C9-86EB-65329AFF2B98}.Release|Any CPU.ActiveCfg = Release|Any CPU
		{D175B413-2373-46C9-86EB-65329AFF2B98}.Release|Any CPU.Build.0 = Release|Any CPU
		{D175B413-2373-46C9-86EB-65329AFF2B98}.Release|x86.ActiveCfg = Release|Any CPU
		{D175B413-2373-46C9-86EB-65329AFF2B98}.Release|x86.Build.0 = Release|Any CPU
		{B4C4A9F0-00F0-45D8-8A82-60870EBD17A3}.Debug|Any CPU.ActiveCfg = Debug|Any CPU
		{B4C4A9F0-00F0-45D8-8A82-60870EBD17A3}.Debug|Any CPU.Build.0 = Debug|Any CPU
		{B4C4A9F0-00F0-45D8-8A82-60870EBD17A3}.Debug|x86.ActiveCfg = Debug|Any CPU
		{B4C4A9F0-00F0-45D8-8A82-60870EBD17A3}.Debug|x86.Build.0 = Debug|Any CPU
		{B4C4A9F0-00F0-45D8-8A82-60870EBD17A3}.Release|Any CPU.ActiveCfg = Release|Any CPU
		{B4C4A9F0-00F0-45D8-8A82-60870EBD17A3}.Release|Any CPU.Build.0 = Release|Any CPU
		{B4C4A9F0-00F0-45D8-8A82-60870EBD17A3}.Release|x86.ActiveCfg = Release|Any CPU
		{B4C4A9F0-00F0-45D8-8A82-60870EBD17A3}.Release|x86.Build.0 = Release|Any CPU
	EndGlobalSection
	GlobalSection(SolutionProperties) = preSolution
		HideSolutionNode = FALSE
	EndGlobalSection
	GlobalSection(NestedProjects) = preSolution
		{B9235669-6FFC-4266-B103-851B07EC6E8E} = {6CF50533-EBD6-47B1-9AD9-9EBBFF3AC887}
		{CAF26917-0B10-4FB9-BD59-F792D21C2BD8} = {6CF50533-EBD6-47B1-9AD9-9EBBFF3AC887}
		{29F1B230-7A1A-43DB-9294-D3A664220D8C} = {6CF50533-EBD6-47B1-9AD9-9EBBFF3AC887}
		{F57C8FE9-DC9C-4858-8EA7-6AEF523557A4} = {6CF50533-EBD6-47B1-9AD9-9EBBFF3AC887}
		{86E10CC4-BAA0-459F-B0C9-3C6CE466DD9B} = {6CF50533-EBD6-47B1-9AD9-9EBBFF3AC887}
		{FA666FF1-5453-481D-BBDD-842F151F9E75} = {6CF50533-EBD6-47B1-9AD9-9EBBFF3AC887}
		{D6B29A97-1417-48A6-B141-74D57E5C8C16} = {6CF50533-EBD6-47B1-9AD9-9EBBFF3AC887}
		{A1CCC105-67B3-45AE-9A74-DD6716521708} = {EE8515E4-F600-4699-A652-FE8E241B9A83}
		{EE16B7AA-67D5-463E-A24F-6221DBD80A5F} = {6CF50533-EBD6-47B1-9AD9-9EBBFF3AC887}
		{CBEEBE6A-BBC3-420A-A491-48EDEEF058FE} = {6CF50533-EBD6-47B1-9AD9-9EBBFF3AC887}
		{BEA4FAB4-1A38-4720-8CCB-D7074CF7596D} = {6CF50533-EBD6-47B1-9AD9-9EBBFF3AC887}
		{4C788CCD-4695-4A1E-8F8D-AD1C864C7AFA} = {6CF50533-EBD6-47B1-9AD9-9EBBFF3AC887}
		{7AE8F281-2C86-4CF5-80CF-FCCE940E5DC3} = {92D6FD73-B95C-4CBB-A48E-047672EB4E77}
		{9894E768-600D-452E-9F9E-6612D7AA6421} = {92D6FD73-B95C-4CBB-A48E-047672EB4E77}
		{02E8D785-5013-47B2-BFC6-371874C8BA64} = {92D6FD73-B95C-4CBB-A48E-047672EB4E77}
		{94E34AF7-42CA-4BBC-B444-FC17915B4D55} = {6CF50533-EBD6-47B1-9AD9-9EBBFF3AC887}
		{B955EE6A-DBD9-474A-AE34-E1960E887F0F} = {92D6FD73-B95C-4CBB-A48E-047672EB4E77}
		{BAAB999F-EF03-4575-8FD4-9989A544319E} = {6CF50533-EBD6-47B1-9AD9-9EBBFF3AC887}
		{1BE9EF11-ED30-4DC7-A12E-2D915E8DA85E} = {92D6FD73-B95C-4CBB-A48E-047672EB4E77}
		{BF6A7924-82C2-4471-AB03-99DD1259D454} = {92D6FD73-B95C-4CBB-A48E-047672EB4E77}
		{B19A199A-B86D-46D7-9020-0846C3BD7733} = {6CF50533-EBD6-47B1-9AD9-9EBBFF3AC887}
		{8BDABAA0-9B93-4EEE-8AE1-A0B313448048} = {92D6FD73-B95C-4CBB-A48E-047672EB4E77}
		{8085E7E4-6084-49E2-85F8-C28C6E6B0008} = {B955EE6A-DBD9-474A-AE34-E1960E887F0F}
		{F9B6A420-2C6D-4439-ADAE-E048F1B880E7} = {6CF50533-EBD6-47B1-9AD9-9EBBFF3AC887}
		{07ADA153-5434-489A-A861-96B4886B2BB2} = {4A2D1031-E1FD-43BB-B8D3-F570F4020A29}
		{998D164F-1576-4A7A-975B-1C2E37C050B0} = {4A2D1031-E1FD-43BB-B8D3-F570F4020A29}
		{CA2D3042-D9E7-43F1-B6B4-3A1E87A01EF3} = {4A2D1031-E1FD-43BB-B8D3-F570F4020A29}
		{907308F6-D213-4FC8-B761-98976954B285} = {4A2D1031-E1FD-43BB-B8D3-F570F4020A29}
		{4BC63394-EFEF-499E-9D43-39AA96244502} = {4A2D1031-E1FD-43BB-B8D3-F570F4020A29}
		{D175B413-2373-46C9-86EB-65329AFF2B98} = {4A2D1031-E1FD-43BB-B8D3-F570F4020A29}
		{B4C4A9F0-00F0-45D8-8A82-60870EBD17A3} = {1317E2B0-8834-4770-9759-9CD0D9E84D28}
	EndGlobalSection
	GlobalSection(ExtensibilityGlobals) = postSolution
		SolutionGuid = {B9325AE8-21A8-4D46-9B04-38BD2BC35C0F}
	EndGlobalSection
EndGlobal
